
Microsoft Visual Studio Solution File, Format Version 12.00
# Visual Studio 14
VisualStudioVersion = 14.0.25123.0
MinimumVisualStudioVersion = 10.0.40219.1
Project("{2150E333-8FDC-42A3-9474-1A3956D46DE8}") = "App2", "App2", "{34363998-3E3D-4256-9DEA-309B7E732D9D}"
EndProject
Project("{8BC9CEB8-8B4A-11D0-8D11-00A0C91BC942}") = "App2.Shared", "App2\App2.Shared\App2.Shared.vcxitems", "{52EE25FA-BC04-4B7F-A40B-78642B8A403A}"
EndProject
Project("{8BC9CEB8-8B4A-11D0-8D11-00A0C91BC942}") = "App2.Windows", "App2\App2.Windows\App2.Windows.vcxproj", "{CF6A1560-5A0C-49F4-B6E7-C3F63CFFDBBC}"
EndProject
Project("{8BC9CEB8-8B4A-11D0-8D11-00A0C91BC942}") = "App2.WindowsPhone", "App2\App2.WindowsPhone\App2.WindowsPhone.vcxproj", "{62629B77-B2FC-48EE-B07E-09CAD21BF78A}"
EndProject
Global
	GlobalSection(SharedMSBuildProjectFiles) = preSolution
		App2\App2.Shared\App2.Shared.vcxitems*{52ee25fa-bc04-4b7f-a40b-78642b8a403a}*SharedItemsImports = 9
		App2\App2.Shared\App2.Shared.vcxitems*{62629b77-b2fc-48ee-b07e-09cad21bf78a}*SharedItemsImports = 4
		App2\App2.Shared\App2.Shared.vcxitems*{cf6a1560-5a0c-49f4-b6e7-c3f63cffdbbc}*SharedItemsImports = 4
	EndGlobalSection
	GlobalSection(SolutionConfigurationPlatforms) = preSolution
		Debug|ARM = Debug|ARM
		Debug|x64 = Debug|x64
		Debug|x86 = Debug|x86
		Release|ARM = Release|ARM
		Release|x64 = Release|x64
		Release|x86 = Release|x86
	EndGlobalSection
	GlobalSection(ProjectConfigurationPlatforms) = postSolution
		{CF6A1560-5A0C-49F4-B6E7-C3F63CFFDBBC}.Debug|ARM.ActiveCfg = Debug|ARM
		{CF6A1560-5A0C-49F4-B6E7-C3F63CFFDBBC}.Debug|ARM.Build.0 = Debug|ARM
		{CF6A1560-5A0C-49F4-B6E7-C3F63CFFDBBC}.Debug|ARM.Deploy.0 = Debug|ARM
		{CF6A1560-5A0C-49F4-B6E7-C3F63CFFDBBC}.Debug|x64.ActiveCfg = Debug|x64
		{CF6A1560-5A0C-49F4-B6E7-C3F63CFFDBBC}.Debug|x64.Build.0 = Debug|x64
		{CF6A1560-5A0C-49F4-B6E7-C3F63CFFDBBC}.Debug|x64.Deploy.0 = Debug|x64
		{CF6A1560-5A0C-49F4-B6E7-C3F63CFFDBBC}.Debug|x86.ActiveCfg = Debug|Win32
		{CF6A1560-5A0C-49F4-B6E7-C3F63CFFDBBC}.Debug|x86.Build.0 = Debug|Win32
		{CF6A1560-5A0C-49F4-B6E7-C3F63CFFDBBC}.Debug|x86.Deploy.0 = Debug|Win32
		{CF6A1560-5A0C-49F4-B6E7-C3F63CFFDBBC}.Release|ARM.ActiveCfg = Release|ARM
		{CF6A1560-5A0C-49F4-B6E7-C3F63CFFDBBC}.Release|ARM.Build.0 = Release|ARM
		{CF6A1560-5A0C-49F4-B6E7-C3F63CFFDBBC}.Release|ARM.Deploy.0 = Release|ARM
		{CF6A1560-5A0C-49F4-B6E7-C3F63CFFDBBC}.Release|x64.ActiveCfg = Release|x64
		{CF6A1560-5A0C-49F4-B6E7-C3F63CFFDBBC}.Release|x64.Build.0 = Release|x64
		{CF6A1560-5A0C-49F4-B6E7-C3F63CFFDBBC}.Release|x64.Deploy.0 = Release|x64
		{CF6A1560-5A0C-49F4-B6E7-C3F63CFFDBBC}.Release|x86.ActiveCfg = Release|Win32
		{CF6A1560-5A0C-49F4-B6E7-C3F63CFFDBBC}.Release|x86.Build.0 = Release|Win32
		{CF6A1560-5A0C-49F4-B6E7-C3F63CFFDBBC}.Release|x86.Deploy.0 = Release|Win32
		{62629B77-B2FC-48EE-B07E-09CAD21BF78A}.Debug|ARM.ActiveCfg = Debug|ARM
		{62629B77-B2FC-48EE-B07E-09CAD21BF78A}.Debug|ARM.Build.0 = Debug|ARM
		{62629B77-B2FC-48EE-B07E-09CAD21BF78A}.Debug|ARM.Deploy.0 = Debug|ARM
		{62629B77-B2FC-48EE-B07E-09CAD21BF78A}.Debug|x64.ActiveCfg = Debug|Win32
		{62629B77-B2FC-48EE-B07E-09CAD21BF78A}.Debug|x86.ActiveCfg = Debug|Win32
		{62629B77-B2FC-48EE-B07E-09CAD21BF78A}.Debug|x86.Build.0 = Debug|Win32
		{62629B77-B2FC-48EE-B07E-09CAD21BF78A}.Debug|x86.Deploy.0 = Debug|Win32
		{62629B77-B2FC-48EE-B07E-09CAD21BF78A}.Release|ARM.ActiveCfg = Release|ARM
		{62629B77-B2FC-48EE-B07E-09CAD21BF78A}.Release|ARM.Build.0 = Release|ARM
		{62629B77-B2FC-48EE-B07E-09CAD21BF78A}.Release|ARM.Deploy.0 = Release|ARM
		{62629B77-B2FC-48EE-B07E-09CAD21BF78A}.Release|x64.ActiveCfg = Release|Win32
		{62629B77-B2FC-48EE-B07E-09CAD21BF78A}.Release|x86.ActiveCfg = Release|Win32
		{62629B77-B2FC-48EE-B07E-09CAD21BF78A}.Release|x86.Build.0 = Release|Win32
		{62629B77-B2FC-48EE-B07E-09CAD21BF78A}.Release|x86.Deploy.0 = Release|Win32
	EndGlobalSection
	GlobalSection(SolutionProperties) = preSolution
		HideSolutionNode = FALSE
	EndGlobalSection
	GlobalSection(NestedProjects) = preSolution
		{52EE25FA-BC04-4B7F-A40B-78642B8A403A} = {34363998-3E3D-4256-9DEA-309B7E732D9D}
		{CF6A1560-5A0C-49F4-B6E7-C3F63CFFDBBC} = {34363998-3E3D-4256-9DEA-309B7E732D9D}
		{62629B77-B2FC-48EE-B07E-09CAD21BF78A} = {34363998-3E3D-4256-9DEA-309B7E732D9D}
	EndGlobalSection
EndGlobal
